<?xml version="1.0" encoding="utf-8"?>
<Project ToolsVersion="4.0" xmlns="http://schemas.microsoft.com/developer/msbuild/2003">
  <ItemGroup>
    <Filter Include="Source Files">
      <UniqueIdentifier>{4FC737F1-C7A5-4376-A066-2A32D752A2FF}</UniqueIdentifier>
      <Extensions>cpp;c;cc;cxx;c++;cppm;ixx;def;odl;idl;hpj;bat;asm;asmx</Extensions>
    </Filter>
    <Filter Include="Header Files">
      <UniqueIdentifier>{93995380-89BD-4b04-88EB-625FBE52EBFB}</UniqueIdentifier>
      <Extensions>h;hh;hpp;hxx;h++;hm;inl;inc;ipp;xsd</Extensions>
    </Filter>
    <Filter Include="src">
      <UniqueIdentifier>{43152ad5-b926-452c-b235-cfffd5689a75}</UniqueIdentifier>
    </Filter>
    <Filter Include="include">
      <UniqueIdentifier>{fd237271-9655-435b-ba0a-910cd01dfac3}</UniqueIdentifier>
    </Filter>
    <Filter Include="include\Levels">
      <UniqueIdentifier>{66c063d2-c910-4611-99e4-967b4aecad2e}</UniqueIdentifier>
    </Filter>
  </ItemGroup>
  <ItemGroup>
    <ClCompile Include="Main.cpp">
      <Filter>Source Files</Filter>
    </ClCompile>
    <ClCompile Include="src\Eight.cpp">
      <Filter>src</Filter>
    </ClCompile>
    <ClCompile Include="src\Five.cpp">
      <Filter>src</Filter>
    </ClCompile>
    <ClCompile Include="src\HelperFunctions.cpp">
      <Filter>src</Filter>
    </ClCompile>
    <ClCompile Include="src\Kata.cpp">
      <Filter>src</Filter>
    </ClCompile>
    <ClCompile Include="src\Seven.cpp">
      <Filter>src</Filter>
    </ClCompile>
    <ClCompile Include="src\Six.cpp">
      <Filter>src</Filter>
    </ClCompile>
    <ClCompile Include="src\Task.cpp">
      <Filter>src</Filter>
    </ClCompile>
  </ItemGroup>
  <ItemGroup>
    <ClInclude Include="include\HelperFunctions.h">
      <Filter>include</Filter>
    </ClInclude>
    <ClInclude Include="include\Kata.h">
      <Filter>include</Filter>
    </ClInclude>
    <ClInclude Include="include\Task.h">
      <Filter>include</Filter>
    </ClInclude>
    <ClInclude Include="include.h">
      <Filter>include</Filter>
    </ClInclude>
    <ClInclude Include="include\Eight.h">
      <Filter>include\Levels</Filter>
    </ClInclude>
    <ClInclude Include="include\Five.h">
      <Filter>include\Levels</Filter>
    </ClInclude>
    <ClInclude Include="include\Seven.h">
      <Filter>include\Levels</Filter>
    </ClInclude>
    <ClInclude Include="include\Six.h">
      <Filter>include\Levels</Filter>
    </ClInclude>
  </ItemGroup>
  <ItemGroup>
    <Text Include="story.txt" />
  </ItemGroup>
</Project>