<?xml version="1.0" encoding="utf-8"?>
<Project ToolsVersion="4.0" xmlns="http://schemas.microsoft.com/developer/msbuild/2003">
  <ItemGroup>
    <Filter Include="Source Files">
      <UniqueIdentifier>{4FC737F1-C7A5-4376-A066-2A32D752A2FF}</UniqueIdentifier>
      <Extensions>cpp;c;cc;cxx;c++;cppm;ixx;def;odl;idl;hpj;bat;asm;asmx</Extensions>
    </Filter>
    <Filter Include="Header Files">
      <UniqueIdentifier>{93995380-89BD-4b04-88EB-625FBE52EBFB}</UniqueIdentifier>
      <Extensions>h;hh;hpp;hxx;h++;hm;inl;inc;ipp;xsd</Extensions>
    </Filter>
    <Filter Include="src">
      <UniqueIdentifier>{43152ad5-b926-452c-b235-cfffd5689a75}</UniqueIdentifier>
    </Filter>
    <Filter Include="include">
      <UniqueIdentifier>{fd237271-9655-435b-ba0a-910cd01dfac3}</UniqueIdentifier>
    </Filter>
    <Filter Include="include\Levels">
      <UniqueIdentifier>{66c063d2-c910-4611-99e4-967b4aecad2e}</UniqueIdentifier>
    </Filter>
    <Filter Include="include\Helper">
      <UniqueIdentifier>{5162aed7-8ad1-4a0d-b060-b25eac4d3e49}</UniqueIdentifier>
    </Filter>
    <Filter Include="include\Menu">
      <UniqueIdentifier>{b80c5c05-2585-4d4b-8f5e-2e276417136b}</UniqueIdentifier>
    </Filter>
    <Filter Include="include\Tasks">
      <UniqueIdentifier>{3a75ff8d-7c47-4970-8042-bcd8bced851e}</UniqueIdentifier>
    </Filter>
    <Filter Include="src\Helper">
      <UniqueIdentifier>{77f3742a-48ba-4688-a53a-65d7b89eb42e}</UniqueIdentifier>
    </Filter>
    <Filter Include="src\Kata">
      <UniqueIdentifier>{31901ae8-d0a5-440b-bd5d-fa60dd2fac1f}</UniqueIdentifier>
    </Filter>
    <Filter Include="include\Kata">
      <UniqueIdentifier>{2b1f9db8-ec01-4468-8dc3-1583350d385e}</UniqueIdentifier>
    </Filter>
    <Filter Include="src\Levels">
      <UniqueIdentifier>{68aef106-230f-4a4c-8ab1-3bc32b378992}</UniqueIdentifier>
    </Filter>
    <Filter Include="src\Tasks">
      <UniqueIdentifier>{7fa1406f-e600-44c2-93c5-627c26b29c5b}</UniqueIdentifier>
    </Filter>
    <Filter Include="src\Menu">
      <UniqueIdentifier>{ca12e9c2-3ab0-4819-8909-19540f5fe460}</UniqueIdentifier>
    </Filter>
    <Filter Include="include\Tasks\CodewarsTasks">
      <UniqueIdentifier>{48c0b6a7-2ca2-4785-b59c-5296856c8872}</UniqueIdentifier>
    </Filter>
    <Filter Include="src\Tasks\CodewarsTasks">
      <UniqueIdentifier>{a4cc0783-3cd6-4704-b7ea-60b267abdf98}</UniqueIdentifier>
    </Filter>
  </ItemGroup>
  <ItemGroup>
    <ClCompile Include="Main.cpp">
      <Filter>Source Files</Filter>
    </ClCompile>
    <ClCompile Include="src\Helper\HelperFunctions.cpp">
      <Filter>src\Helper</Filter>
    </ClCompile>
    <ClCompile Include="src\Kata\Kata.cpp">
      <Filter>src\Kata</Filter>
    </ClCompile>
    <ClCompile Include="src\Levels\Eight.cpp">
      <Filter>src\Levels</Filter>
    </ClCompile>
    <ClCompile Include="src\Levels\Five.cpp">
      <Filter>src\Levels</Filter>
    </ClCompile>
    <ClCompile Include="src\Levels\Seven.cpp">
      <Filter>src\Levels</Filter>
    </ClCompile>
    <ClCompile Include="src\Levels\Six.cpp">
      <Filter>src\Levels</Filter>
    </ClCompile>
    <ClCompile Include="Menu.cpp">
      <Filter>src\Menu</Filter>
    </ClCompile>
    <ClCompile Include="src\Tasks\TasksList.cpp">
      <Filter>src\Tasks</Filter>
    </ClCompile>
    <ClCompile Include="Reader.cpp">
      <Filter>Source Files</Filter>
    </ClCompile>
    <ClCompile Include="src\Tasks\ITask.cpp">
      <Filter>Source Files</Filter>
    </ClCompile>
    <ClCompile Include="src\Tasks\CodewarsTasks\TaskLitres.cpp">
      <Filter>src\Tasks\CodewarsTasks</Filter>
    </ClCompile>
  </ItemGroup>
  <ItemGroup>
    <ClInclude Include="include.h">
      <Filter>include</Filter>
    </ClInclude>
    <ClInclude Include="include\Helper\HelperFunctions.h">
      <Filter>include\Helper</Filter>
    </ClInclude>
    <ClInclude Include="include\Kata\Kata.h">
      <Filter>include\Kata</Filter>
    </ClInclude>
    <ClInclude Include="include\Levels\Eight.h">
      <Filter>include\Levels</Filter>
    </ClInclude>
    <ClInclude Include="include\Levels\Five.h">
      <Filter>include\Levels</Filter>
    </ClInclude>
    <ClInclude Include="include\Levels\Seven.h">
      <Filter>include\Levels</Filter>
    </ClInclude>
    <ClInclude Include="include\Levels\Six.h">
      <Filter>include\Levels</Filter>
    </ClInclude>
    <ClInclude Include="Menu.h">
      <Filter>include\Menu</Filter>
    </ClInclude>
    <ClInclude Include="include\Tasks\TasksList.h">
      <Filter>include\Tasks</Filter>
    </ClInclude>
    <ClInclude Include="include\Tasks\ITask.h">
      <Filter>Header Files</Filter>
    </ClInclude>
    <ClInclude Include="Reader.h">
      <Filter>Header Files</Filter>
    </ClInclude>
    <ClInclude Include="include\Tasks\CodewarsTasks\TaskLitres.h">
      <Filter>include\Tasks\CodewarsTasks</Filter>
    </ClInclude>
  </ItemGroup>
  <ItemGroup>
    <Text Include="story.txt" />
  </ItemGroup>
</Project>